
Microsoft Visual Studio Solution File, Format Version 12.00
# Visual Studio 2012
Project("{FAE04EC0-301F-11D3-BF4B-00C04F79EFBC}") = "FactoryPattern", "FactoryPattern\FactoryPattern.csproj", "{DE7413CF-49DF-412C-9185-1D0550328DB5}"
EndProject
Project("{FAE04EC0-301F-11D3-BF4B-00C04F79EFBC}") = "FactoryPattern.Interfaces", "FactoryPattern.Interfaces\FactoryPattern.Interfaces.csproj", "{40BB20A4-A8D6-4D13-A9DF-89BE35D9AB75}"
EndProject
Project("{FAE04EC0-301F-11D3-BF4B-00C04F79EFBC}") = "FactoryPattern.AnimalFactory", "FactoryPattern.AnimalFactory\FactoryPattern.AnimalFactory.csproj", "{B9C49A19-F2F3-4A17-B35D-56CB8AF9B3E1}"
EndProject
Project("{FAE04EC0-301F-11D3-BF4B-00C04F79EFBC}") = "FactoryPattern.Animals", "FactoryPattern.Animals\FactoryPattern.Animals.csproj", "{F23C5782-F57F-4D7D-B76F-82739233375D}"
EndProject
Global
	GlobalSection(SolutionConfigurationPlatforms) = preSolution
		Debug|x86 = Debug|x86
		Release|x86 = Release|x86
	EndGlobalSection
	GlobalSection(ProjectConfigurationPlatforms) = postSolution
		{DE7413CF-49DF-412C-9185-1D0550328DB5}.Debug|x86.ActiveCfg = Debug|x86
		{DE7413CF-49DF-412C-9185-1D0550328DB5}.Debug|x86.Build.0 = Debug|x86
		{DE7413CF-49DF-412C-9185-1D0550328DB5}.Release|x86.ActiveCfg = Release|x86
		{DE7413CF-49DF-412C-9185-1D0550328DB5}.Release|x86.Build.0 = Release|x86
		{40BB20A4-A8D6-4D13-A9DF-89BE35D9AB75}.Debug|x86.ActiveCfg = Debug|Any CPU
		{40BB20A4-A8D6-4D13-A9DF-89BE35D9AB75}.Debug|x86.Build.0 = Debug|Any CPU
		{40BB20A4-A8D6-4D13-A9DF-89BE35D9AB75}.Release|x86.ActiveCfg = Release|Any CPU
		{40BB20A4-A8D6-4D13-A9DF-89BE35D9AB75}.Release|x86.Build.0 = Release|Any CPU
		{B9C49A19-F2F3-4A17-B35D-56CB8AF9B3E1}.Debug|x86.ActiveCfg = Debug|Any CPU
		{B9C49A19-F2F3-4A17-B35D-56CB8AF9B3E1}.Debug|x86.Build.0 = Debug|Any CPU
		{B9C49A19-F2F3-4A17-B35D-56CB8AF9B3E1}.Release|x86.ActiveCfg = Release|Any CPU
		{B9C49A19-F2F3-4A17-B35D-56CB8AF9B3E1}.Release|x86.Build.0 = Release|Any CPU
		{F23C5782-F57F-4D7D-B76F-82739233375D}.Debug|x86.ActiveCfg = Debug|Any CPU
		{F23C5782-F57F-4D7D-B76F-82739233375D}.Debug|x86.Build.0 = Debug|Any CPU
		{F23C5782-F57F-4D7D-B76F-82739233375D}.Release|x86.ActiveCfg = Release|Any CPU
		{F23C5782-F57F-4D7D-B76F-82739233375D}.Release|x86.Build.0 = Release|Any CPU
	EndGlobalSection
EndGlobal
